
Microsoft Visual Studio Solution File, Format Version 12.00
# Visual Studio Version 17
VisualStudioVersion = 17.0.31912.275
MinimumVisualStudioVersion = 10.0.40219.1
Project("{2150E333-8FDC-42A3-9474-1A3956D46DE8}") = "Services", "Services", "{031DFCA1-D218-45F1-9B51-D5C48B8FC15F}"
EndProject
Project("{2150E333-8FDC-42A3-9474-1A3956D46DE8}") = "Shared", "Shared", "{AA499751-A350-485C-9FF7-174DD1882E2E}"
EndProject
Project("{2150E333-8FDC-42A3-9474-1A3956D46DE8}") = "Gateway", "Gateway", "{37EF8DA6-334A-4751-804B-0CF3E3CD8D33}"
EndProject
Project("{2150E333-8FDC-42A3-9474-1A3956D46DE8}") = "IdentityServer4", "IdentityServer4", "{593FDF71-1BD7-4FEF-A872-B3A9D8D60C27}"
EndProject
Project("{9A19103F-16F7-4668-BE54-9A1E7A4F7556}") = "DynamicBox.Workflow.Shared", "Shared\DynamicBox.Workflow.Shared\DynamicBox.Workflow.Shared.csproj", "{9A09916D-41E1-4C87-856E-C12AE192983B}"
EndProject
Project("{2150E333-8FDC-42A3-9474-1A3956D46DE8}") = "DynamicBox.Autoflow.API", "DynamicBox.Autoflow.API", "{980219F0-5017-446B-B515-0EDFC2DD1826}"
EndProject
Project("{9A19103F-16F7-4668-BE54-9A1E7A4F7556}") = "DynamicBox.Autoflow.API", "Services\DynamicBox.Autoflow.API\DynamicBox.Autoflow.API\DynamicBox.Autoflow.API.csproj", "{8EB3C540-96B0-41B0-ACF3-D37821BF0202}"
EndProject
Project("{9A19103F-16F7-4668-BE54-9A1E7A4F7556}") = "DynamicBox.Workflow.Gateway", "Gateway\DynamicBox.Workflow.Gateway\DynamicBox.Workflow.Gateway.csproj", "{2E13353B-A934-42FF-AAB5-03D92A863FBA}"
EndProject
Project("{2150E333-8FDC-42A3-9474-1A3956D46DE8}") = "DynamicBox.PurchasingRequestManagement", "DynamicBox.PurchasingRequestManagement", "{87825AC2-70D8-401B-A57B-CAD7554E289B}"
EndProject
Project("{9A19103F-16F7-4668-BE54-9A1E7A4F7556}") = "DynamicBox.PurchasingRequestManagement.API", "Services\DynamicBox.PurchasingRequestManagement\DynamicBox.PurchasingRequestManagement.API\DynamicBox.PurchasingRequestManagement.API.csproj", "{9869DB34-90B6-4203-B1D2-D1FF02ED4363}"
EndProject
Project("{9A19103F-16F7-4668-BE54-9A1E7A4F7556}") = "DynamicBox.PurchasingRequestManagement.Core", "Services\DynamicBox.PurchasingRequestManagement\DynamicBox.PurchasingRequestManagement.Core\DynamicBox.PurchasingRequestManagement.Core.csproj", "{C1A3602F-EB04-43A3-8BC4-F1592DBB1B53}"
EndProject
Project("{9A19103F-16F7-4668-BE54-9A1E7A4F7556}") = "DynamicBox.PurchasingRequestManagement.Repository", "Services\DynamicBox.PurchasingRequestManagement\DynamicBox.PurchasingRequestManagement.Repository\DynamicBox.PurchasingRequestManagement.Repository.csproj", "{9EF36127-59F3-432E-8207-E0BB9D8F870D}"
EndProject
Project("{9A19103F-16F7-4668-BE54-9A1E7A4F7556}") = "DynamicBox.PurchasingRequestManagement.Services", "Services\DynamicBox.PurchasingRequestManagement\DynamicBox.PurchasingRequestManagement.Services\DynamicBox.PurchasingRequestManagement.Services.csproj", "{3773BBE9-64A4-4033-B488-306ADC831692}"
EndProject
Project("{2150E333-8FDC-42A3-9474-1A3956D46DE8}") = "Solution Items", "Solution Items", "{F119A22B-394F-415B-8263-12AE4CB6427E}"
	ProjectSection(SolutionItems) = preProject
		.editorconfig = .editorconfig
		Helpers.txt = Helpers.txt
	EndProjectSection
EndProject
Project("{9A19103F-16F7-4668-BE54-9A1E7A4F7556}") = "DynamicBox.Admin", "IdentityServer4\src\DynamicBox.Admin\DynamicBox.Admin.csproj", "{9C5C3FCD-7A56-4222-9506-E6ABBD038C9C}"
EndProject
Project("{9A19103F-16F7-4668-BE54-9A1E7A4F7556}") = "DynamicBox.Admin.Api", "IdentityServer4\src\DynamicBox.Admin.Api\DynamicBox.Admin.Api.csproj", "{59EFE961-A38C-486E-BF5D-225930DE728C}"
EndProject
Project("{9A19103F-16F7-4668-BE54-9A1E7A4F7556}") = "DynamicBox.Admin.EntityFramework.Shared", "IdentityServer4\src\DynamicBox.Admin.EntityFramework.Shared\DynamicBox.Admin.EntityFramework.Shared.csproj", "{55E755F6-B0E6-4A2F-8A0F-A53042C9EB68}"
EndProject
Project("{9A19103F-16F7-4668-BE54-9A1E7A4F7556}") = "DynamicBox.Admin.EntityFramework.SqlServer", "IdentityServer4\src\DynamicBox.Admin.EntityFramework.SqlServer\DynamicBox.Admin.EntityFramework.SqlServer.csproj", "{1837F1AC-9E77-4601-AD40-A4344A5F15C5}"
EndProject
Project("{9A19103F-16F7-4668-BE54-9A1E7A4F7556}") = "DynamicBox.Shared", "IdentityServer4\src\DynamicBox.Shared\DynamicBox.Shared.csproj", "{D5A2514F-91B3-4CE0-B208-71C739601140}"
EndProject
Project("{9A19103F-16F7-4668-BE54-9A1E7A4F7556}") = "DynamicBox.STS.Identity", "IdentityServer4\src\DynamicBox.STS.Identity\DynamicBox.STS.Identity.csproj", "{B6059FE0-FABD-4E79-90B1-D16ECD62DA39}"
EndProject
Global
	GlobalSection(SolutionConfigurationPlatforms) = preSolution
		Debug|Any CPU = Debug|Any CPU
		Release|Any CPU = Release|Any CPU
	EndGlobalSection
	GlobalSection(ProjectConfigurationPlatforms) = postSolution
		{9A09916D-41E1-4C87-856E-C12AE192983B}.Debug|Any CPU.ActiveCfg = Debug|Any CPU
		{9A09916D-41E1-4C87-856E-C12AE192983B}.Debug|Any CPU.Build.0 = Debug|Any CPU
		{9A09916D-41E1-4C87-856E-C12AE192983B}.Release|Any CPU.ActiveCfg = Release|Any CPU
		{9A09916D-41E1-4C87-856E-C12AE192983B}.Release|Any CPU.Build.0 = Release|Any CPU
		{8EB3C540-96B0-41B0-ACF3-D37821BF0202}.Debug|Any CPU.ActiveCfg = Debug|Any CPU
		{8EB3C540-96B0-41B0-ACF3-D37821BF0202}.Debug|Any CPU.Build.0 = Debug|Any CPU
		{8EB3C540-96B0-41B0-ACF3-D37821BF0202}.Release|Any CPU.ActiveCfg = Release|Any CPU
		{8EB3C540-96B0-41B0-ACF3-D37821BF0202}.Release|Any CPU.Build.0 = Release|Any CPU
		{2E13353B-A934-42FF-AAB5-03D92A863FBA}.Debug|Any CPU.ActiveCfg = Debug|Any CPU
		{2E13353B-A934-42FF-AAB5-03D92A863FBA}.Debug|Any CPU.Build.0 = Debug|Any CPU
		{2E13353B-A934-42FF-AAB5-03D92A863FBA}.Release|Any CPU.ActiveCfg = Release|Any CPU
		{2E13353B-A934-42FF-AAB5-03D92A863FBA}.Release|Any CPU.Build.0 = Release|Any CPU
		{9869DB34-90B6-4203-B1D2-D1FF02ED4363}.Debug|Any CPU.ActiveCfg = Debug|Any CPU
		{9869DB34-90B6-4203-B1D2-D1FF02ED4363}.Debug|Any CPU.Build.0 = Debug|Any CPU
		{9869DB34-90B6-4203-B1D2-D1FF02ED4363}.Release|Any CPU.ActiveCfg = Release|Any CPU
		{9869DB34-90B6-4203-B1D2-D1FF02ED4363}.Release|Any CPU.Build.0 = Release|Any CPU
		{C1A3602F-EB04-43A3-8BC4-F1592DBB1B53}.Debug|Any CPU.ActiveCfg = Debug|Any CPU
		{C1A3602F-EB04-43A3-8BC4-F1592DBB1B53}.Debug|Any CPU.Build.0 = Debug|Any CPU
		{C1A3602F-EB04-43A3-8BC4-F1592DBB1B53}.Release|Any CPU.ActiveCfg = Release|Any CPU
		{C1A3602F-EB04-43A3-8BC4-F1592DBB1B53}.Release|Any CPU.Build.0 = Release|Any CPU
		{9EF36127-59F3-432E-8207-E0BB9D8F870D}.Debug|Any CPU.ActiveCfg = Debug|Any CPU
		{9EF36127-59F3-432E-8207-E0BB9D8F870D}.Debug|Any CPU.Build.0 = Debug|Any CPU
		{9EF36127-59F3-432E-8207-E0BB9D8F870D}.Release|Any CPU.ActiveCfg = Release|Any CPU
		{9EF36127-59F3-432E-8207-E0BB9D8F870D}.Release|Any CPU.Build.0 = Release|Any CPU
		{3773BBE9-64A4-4033-B488-306ADC831692}.Debug|Any CPU.ActiveCfg = Debug|Any CPU
		{3773BBE9-64A4-4033-B488-306ADC831692}.Debug|Any CPU.Build.0 = Debug|Any CPU
		{3773BBE9-64A4-4033-B488-306ADC831692}.Release|Any CPU.ActiveCfg = Release|Any CPU
		{3773BBE9-64A4-4033-B488-306ADC831692}.Release|Any CPU.Build.0 = Release|Any CPU
		{9C5C3FCD-7A56-4222-9506-E6ABBD038C9C}.Debug|Any CPU.ActiveCfg = Debug|Any CPU
		{9C5C3FCD-7A56-4222-9506-E6ABBD038C9C}.Debug|Any CPU.Build.0 = Debug|Any CPU
		{9C5C3FCD-7A56-4222-9506-E6ABBD038C9C}.Release|Any CPU.ActiveCfg = Release|Any CPU
		{9C5C3FCD-7A56-4222-9506-E6ABBD038C9C}.Release|Any CPU.Build.0 = Release|Any CPU
		{59EFE961-A38C-486E-BF5D-225930DE728C}.Debug|Any CPU.ActiveCfg = Debug|Any CPU
		{59EFE961-A38C-486E-BF5D-225930DE728C}.Debug|Any CPU.Build.0 = Debug|Any CPU
		{59EFE961-A38C-486E-BF5D-225930DE728C}.Release|Any CPU.ActiveCfg = Release|Any CPU
		{59EFE961-A38C-486E-BF5D-225930DE728C}.Release|Any CPU.Build.0 = Release|Any CPU
		{55E755F6-B0E6-4A2F-8A0F-A53042C9EB68}.Debug|Any CPU.ActiveCfg = Debug|Any CPU
		{55E755F6-B0E6-4A2F-8A0F-A53042C9EB68}.Debug|Any CPU.Build.0 = Debug|Any CPU
		{55E755F6-B0E6-4A2F-8A0F-A53042C9EB68}.Release|Any CPU.ActiveCfg = Release|Any CPU
		{55E755F6-B0E6-4A2F-8A0F-A53042C9EB68}.Release|Any CPU.Build.0 = Release|Any CPU
		{1837F1AC-9E77-4601-AD40-A4344A5F15C5}.Debug|Any CPU.ActiveCfg = Debug|Any CPU
		{1837F1AC-9E77-4601-AD40-A4344A5F15C5}.Debug|Any CPU.Build.0 = Debug|Any CPU
		{1837F1AC-9E77-4601-AD40-A4344A5F15C5}.Release|Any CPU.ActiveCfg = Release|Any CPU
		{1837F1AC-9E77-4601-AD40-A4344A5F15C5}.Release|Any CPU.Build.0 = Release|Any CPU
		{D5A2514F-91B3-4CE0-B208-71C739601140}.Debug|Any CPU.ActiveCfg = Debug|Any CPU
		{D5A2514F-91B3-4CE0-B208-71C739601140}.Debug|Any CPU.Build.0 = Debug|Any CPU
		{D5A2514F-91B3-4CE0-B208-71C739601140}.Release|Any CPU.ActiveCfg = Release|Any CPU
		{D5A2514F-91B3-4CE0-B208-71C739601140}.Release|Any CPU.Build.0 = Release|Any CPU
		{B6059FE0-FABD-4E79-90B1-D16ECD62DA39}.Debug|Any CPU.ActiveCfg = Debug|Any CPU
		{B6059FE0-FABD-4E79-90B1-D16ECD62DA39}.Debug|Any CPU.Build.0 = Debug|Any CPU
		{B6059FE0-FABD-4E79-90B1-D16ECD62DA39}.Release|Any CPU.ActiveCfg = Release|Any CPU
		{B6059FE0-FABD-4E79-90B1-D16ECD62DA39}.Release|Any CPU.Build.0 = Release|Any CPU
	EndGlobalSection
	GlobalSection(SolutionProperties) = preSolution
		HideSolutionNode = FALSE
	EndGlobalSection
	GlobalSection(NestedProjects) = preSolution
		{9A09916D-41E1-4C87-856E-C12AE192983B} = {AA499751-A350-485C-9FF7-174DD1882E2E}
		{980219F0-5017-446B-B515-0EDFC2DD1826} = {031DFCA1-D218-45F1-9B51-D5C48B8FC15F}
		{8EB3C540-96B0-41B0-ACF3-D37821BF0202} = {980219F0-5017-446B-B515-0EDFC2DD1826}
		{2E13353B-A934-42FF-AAB5-03D92A863FBA} = {37EF8DA6-334A-4751-804B-0CF3E3CD8D33}
		{87825AC2-70D8-401B-A57B-CAD7554E289B} = {031DFCA1-D218-45F1-9B51-D5C48B8FC15F}
		{9869DB34-90B6-4203-B1D2-D1FF02ED4363} = {87825AC2-70D8-401B-A57B-CAD7554E289B}
		{C1A3602F-EB04-43A3-8BC4-F1592DBB1B53} = {87825AC2-70D8-401B-A57B-CAD7554E289B}
		{9EF36127-59F3-432E-8207-E0BB9D8F870D} = {87825AC2-70D8-401B-A57B-CAD7554E289B}
		{3773BBE9-64A4-4033-B488-306ADC831692} = {87825AC2-70D8-401B-A57B-CAD7554E289B}
		{9C5C3FCD-7A56-4222-9506-E6ABBD038C9C} = {593FDF71-1BD7-4FEF-A872-B3A9D8D60C27}
		{59EFE961-A38C-486E-BF5D-225930DE728C} = {593FDF71-1BD7-4FEF-A872-B3A9D8D60C27}
		{55E755F6-B0E6-4A2F-8A0F-A53042C9EB68} = {593FDF71-1BD7-4FEF-A872-B3A9D8D60C27}
		{1837F1AC-9E77-4601-AD40-A4344A5F15C5} = {593FDF71-1BD7-4FEF-A872-B3A9D8D60C27}
		{D5A2514F-91B3-4CE0-B208-71C739601140} = {593FDF71-1BD7-4FEF-A872-B3A9D8D60C27}
		{B6059FE0-FABD-4E79-90B1-D16ECD62DA39} = {593FDF71-1BD7-4FEF-A872-B3A9D8D60C27}
	EndGlobalSection
	GlobalSection(ExtensibilityGlobals) = postSolution
		SolutionGuid = {B241FE2C-852A-4BFD-A083-24437D06E2FA}
	EndGlobalSection
EndGlobal
