
Microsoft Visual Studio Solution File, Format Version 12.00
# Visual Studio Version 16
VisualStudioVersion = 16.0.29424.173
MinimumVisualStudioVersion = 15.0.26124.0
Project("{E53339B2-1760-4266-BCC7-CA923CBCF16C}") = "docker-compose", "docker-compose.dcproj", "{F817047F-018D-4F93-BDA5-58602073B634}"
EndProject
Project("{2150E333-8FDC-42A3-9474-1A3956D46DE8}") = "src", "src", "{00910FCB-AF7E-4F8E-B3C2-CCD2B6F920BC}"
EndProject
Project("{FAE04EC0-301F-11D3-BF4B-00C04F79EFBC}") = "DynamicBox.Admin", "src\DynamicBox.Admin\DynamicBox.Admin.csproj", "{8B057CB1-49C9-41D1-9112-7B552F5000CC}"
EndProject
Project("{FAE04EC0-301F-11D3-BF4B-00C04F79EFBC}") = "DynamicBox.STS.Identity", "src\DynamicBox.STS.Identity\DynamicBox.STS.Identity.csproj", "{CB266C50-C3E3-44CF-A10F-A586C5F60627}"
EndProject
Project("{FAE04EC0-301F-11D3-BF4B-00C04F79EFBC}") = "DynamicBox.Admin.Api", "src\DynamicBox.Admin.Api\DynamicBox.Admin.Api.csproj", "{55EB4FC6-DFA8-49D5-BB9E-6A081284D71E}"
EndProject
Project("{FAE04EC0-301F-11D3-BF4B-00C04F79EFBC}") = "DynamicBox.Admin.EntityFramework.Shared", "src\DynamicBox.Admin.EntityFramework.Shared\DynamicBox.Admin.EntityFramework.Shared.csproj", "{6FB5039D-A384-4E13-BD76-86EE6A0BE80F}"
EndProject
Project("{FAE04EC0-301F-11D3-BF4B-00C04F79EFBC}") = "DynamicBox.Admin.EntityFramework.MySql", "src\DynamicBox.Admin.EntityFramework.MySql\DynamicBox.Admin.EntityFramework.MySql.csproj", "{6EC6A5C9-A3C0-452D-B717-2EFBCAEB2DED}"
EndProject
Project("{FAE04EC0-301F-11D3-BF4B-00C04F79EFBC}") = "DynamicBox.Admin.EntityFramework.PostgreSQL", "src\DynamicBox.Admin.EntityFramework.PostgreSQL\DynamicBox.Admin.EntityFramework.PostgreSQL.csproj", "{E8ED3FEC-1F28-4B5F-9872-7F78167744BD}"
EndProject
Project("{FAE04EC0-301F-11D3-BF4B-00C04F79EFBC}") = "DynamicBox.Admin.EntityFramework.SqlServer", "src\DynamicBox.Admin.EntityFramework.SqlServer\DynamicBox.Admin.EntityFramework.SqlServer.csproj", "{79BF20DC-6DA7-4031-9058-195FFE94220B}"
EndProject
Project("{FAE04EC0-301F-11D3-BF4B-00C04F79EFBC}") = "DynamicBox.Shared", "src\DynamicBox.Shared\DynamicBox.Shared.csproj", "{71949AB7-ABA2-46AE-BE59-A1D98BAA179D}"
EndProject
Global
	GlobalSection(SolutionConfigurationPlatforms) = preSolution
		Debug|Any CPU = Debug|Any CPU
		Debug|x64 = Debug|x64
		Debug|x86 = Debug|x86
		Release|Any CPU = Release|Any CPU
		Release|x64 = Release|x64
		Release|x86 = Release|x86
	EndGlobalSection
	GlobalSection(ProjectConfigurationPlatforms) = postSolution
		{F817047F-018D-4F93-BDA5-58602073B634}.Debug|Any CPU.ActiveCfg = Debug|Any CPU
		{F817047F-018D-4F93-BDA5-58602073B634}.Debug|Any CPU.Build.0 = Debug|Any CPU
		{F817047F-018D-4F93-BDA5-58602073B634}.Debug|x64.ActiveCfg = Debug|Any CPU
		{F817047F-018D-4F93-BDA5-58602073B634}.Debug|x64.Build.0 = Debug|Any CPU
		{F817047F-018D-4F93-BDA5-58602073B634}.Debug|x86.ActiveCfg = Debug|Any CPU
		{F817047F-018D-4F93-BDA5-58602073B634}.Debug|x86.Build.0 = Debug|Any CPU
		{F817047F-018D-4F93-BDA5-58602073B634}.Release|Any CPU.ActiveCfg = Release|Any CPU
		{F817047F-018D-4F93-BDA5-58602073B634}.Release|Any CPU.Build.0 = Release|Any CPU
		{F817047F-018D-4F93-BDA5-58602073B634}.Release|x64.ActiveCfg = Release|Any CPU
		{F817047F-018D-4F93-BDA5-58602073B634}.Release|x64.Build.0 = Release|Any CPU
		{F817047F-018D-4F93-BDA5-58602073B634}.Release|x86.ActiveCfg = Release|Any CPU
		{F817047F-018D-4F93-BDA5-58602073B634}.Release|x86.Build.0 = Release|Any CPU
		{8B057CB1-49C9-41D1-9112-7B552F5000CC}.Debug|Any CPU.ActiveCfg = Debug|Any CPU
		{8B057CB1-49C9-41D1-9112-7B552F5000CC}.Debug|Any CPU.Build.0 = Debug|Any CPU
		{8B057CB1-49C9-41D1-9112-7B552F5000CC}.Debug|x64.ActiveCfg = Debug|Any CPU
		{8B057CB1-49C9-41D1-9112-7B552F5000CC}.Debug|x64.Build.0 = Debug|Any CPU
		{8B057CB1-49C9-41D1-9112-7B552F5000CC}.Debug|x86.ActiveCfg = Debug|Any CPU
		{8B057CB1-49C9-41D1-9112-7B552F5000CC}.Debug|x86.Build.0 = Debug|Any CPU
		{8B057CB1-49C9-41D1-9112-7B552F5000CC}.Release|Any CPU.ActiveCfg = Release|Any CPU
		{8B057CB1-49C9-41D1-9112-7B552F5000CC}.Release|Any CPU.Build.0 = Release|Any CPU
		{8B057CB1-49C9-41D1-9112-7B552F5000CC}.Release|x64.ActiveCfg = Release|Any CPU
		{8B057CB1-49C9-41D1-9112-7B552F5000CC}.Release|x64.Build.0 = Release|Any CPU
		{8B057CB1-49C9-41D1-9112-7B552F5000CC}.Release|x86.ActiveCfg = Release|Any CPU
		{8B057CB1-49C9-41D1-9112-7B552F5000CC}.Release|x86.Build.0 = Release|Any CPU
		{CB266C50-C3E3-44CF-A10F-A586C5F60627}.Debug|Any CPU.ActiveCfg = Debug|Any CPU
		{CB266C50-C3E3-44CF-A10F-A586C5F60627}.Debug|Any CPU.Build.0 = Debug|Any CPU
		{CB266C50-C3E3-44CF-A10F-A586C5F60627}.Debug|x64.ActiveCfg = Debug|Any CPU
		{CB266C50-C3E3-44CF-A10F-A586C5F60627}.Debug|x64.Build.0 = Debug|Any CPU
		{CB266C50-C3E3-44CF-A10F-A586C5F60627}.Debug|x86.ActiveCfg = Debug|Any CPU
		{CB266C50-C3E3-44CF-A10F-A586C5F60627}.Debug|x86.Build.0 = Debug|Any CPU
		{CB266C50-C3E3-44CF-A10F-A586C5F60627}.Release|Any CPU.ActiveCfg = Release|Any CPU
		{CB266C50-C3E3-44CF-A10F-A586C5F60627}.Release|Any CPU.Build.0 = Release|Any CPU
		{CB266C50-C3E3-44CF-A10F-A586C5F60627}.Release|x64.ActiveCfg = Release|Any CPU
		{CB266C50-C3E3-44CF-A10F-A586C5F60627}.Release|x64.Build.0 = Release|Any CPU
		{CB266C50-C3E3-44CF-A10F-A586C5F60627}.Release|x86.ActiveCfg = Release|Any CPU
		{CB266C50-C3E3-44CF-A10F-A586C5F60627}.Release|x86.Build.0 = Release|Any CPU
		{55EB4FC6-DFA8-49D5-BB9E-6A081284D71E}.Debug|Any CPU.ActiveCfg = Debug|Any CPU
		{55EB4FC6-DFA8-49D5-BB9E-6A081284D71E}.Debug|Any CPU.Build.0 = Debug|Any CPU
		{55EB4FC6-DFA8-49D5-BB9E-6A081284D71E}.Debug|x64.ActiveCfg = Debug|Any CPU
		{55EB4FC6-DFA8-49D5-BB9E-6A081284D71E}.Debug|x64.Build.0 = Debug|Any CPU
		{55EB4FC6-DFA8-49D5-BB9E-6A081284D71E}.Debug|x86.ActiveCfg = Debug|Any CPU
		{55EB4FC6-DFA8-49D5-BB9E-6A081284D71E}.Debug|x86.Build.0 = Debug|Any CPU
		{55EB4FC6-DFA8-49D5-BB9E-6A081284D71E}.Release|Any CPU.ActiveCfg = Release|Any CPU
		{55EB4FC6-DFA8-49D5-BB9E-6A081284D71E}.Release|Any CPU.Build.0 = Release|Any CPU
		{55EB4FC6-DFA8-49D5-BB9E-6A081284D71E}.Release|x64.ActiveCfg = Release|Any CPU
		{55EB4FC6-DFA8-49D5-BB9E-6A081284D71E}.Release|x64.Build.0 = Release|Any CPU
		{55EB4FC6-DFA8-49D5-BB9E-6A081284D71E}.Release|x86.ActiveCfg = Release|Any CPU
		{55EB4FC6-DFA8-49D5-BB9E-6A081284D71E}.Release|x86.Build.0 = Release|Any CPU
		{6FB5039D-A384-4E13-BD76-86EE6A0BE80F}.Debug|Any CPU.ActiveCfg = Debug|Any CPU
		{6FB5039D-A384-4E13-BD76-86EE6A0BE80F}.Debug|Any CPU.Build.0 = Debug|Any CPU
		{6FB5039D-A384-4E13-BD76-86EE6A0BE80F}.Debug|x64.ActiveCfg = Debug|Any CPU
		{6FB5039D-A384-4E13-BD76-86EE6A0BE80F}.Debug|x64.Build.0 = Debug|Any CPU
		{6FB5039D-A384-4E13-BD76-86EE6A0BE80F}.Debug|x86.ActiveCfg = Debug|Any CPU
		{6FB5039D-A384-4E13-BD76-86EE6A0BE80F}.Debug|x86.Build.0 = Debug|Any CPU
		{6FB5039D-A384-4E13-BD76-86EE6A0BE80F}.Release|Any CPU.ActiveCfg = Release|Any CPU
		{6FB5039D-A384-4E13-BD76-86EE6A0BE80F}.Release|Any CPU.Build.0 = Release|Any CPU
		{6FB5039D-A384-4E13-BD76-86EE6A0BE80F}.Release|x64.ActiveCfg = Release|Any CPU
		{6FB5039D-A384-4E13-BD76-86EE6A0BE80F}.Release|x64.Build.0 = Release|Any CPU
		{6FB5039D-A384-4E13-BD76-86EE6A0BE80F}.Release|x86.ActiveCfg = Release|Any CPU
		{6FB5039D-A384-4E13-BD76-86EE6A0BE80F}.Release|x86.Build.0 = Release|Any CPU
		{6EC6A5C9-A3C0-452D-B717-2EFBCAEB2DED}.Debug|Any CPU.ActiveCfg = Debug|Any CPU
		{6EC6A5C9-A3C0-452D-B717-2EFBCAEB2DED}.Debug|Any CPU.Build.0 = Debug|Any CPU
		{6EC6A5C9-A3C0-452D-B717-2EFBCAEB2DED}.Debug|x64.ActiveCfg = Debug|Any CPU
		{6EC6A5C9-A3C0-452D-B717-2EFBCAEB2DED}.Debug|x64.Build.0 = Debug|Any CPU
		{6EC6A5C9-A3C0-452D-B717-2EFBCAEB2DED}.Debug|x86.ActiveCfg = Debug|Any CPU
		{6EC6A5C9-A3C0-452D-B717-2EFBCAEB2DED}.Debug|x86.Build.0 = Debug|Any CPU
		{6EC6A5C9-A3C0-452D-B717-2EFBCAEB2DED}.Release|Any CPU.ActiveCfg = Release|Any CPU
		{6EC6A5C9-A3C0-452D-B717-2EFBCAEB2DED}.Release|Any CPU.Build.0 = Release|Any CPU
		{6EC6A5C9-A3C0-452D-B717-2EFBCAEB2DED}.Release|x64.ActiveCfg = Release|Any CPU
		{6EC6A5C9-A3C0-452D-B717-2EFBCAEB2DED}.Release|x64.Build.0 = Release|Any CPU
		{6EC6A5C9-A3C0-452D-B717-2EFBCAEB2DED}.Release|x86.ActiveCfg = Release|Any CPU
		{6EC6A5C9-A3C0-452D-B717-2EFBCAEB2DED}.Release|x86.Build.0 = Release|Any CPU
		{E8ED3FEC-1F28-4B5F-9872-7F78167744BD}.Debug|Any CPU.ActiveCfg = Debug|Any CPU
		{E8ED3FEC-1F28-4B5F-9872-7F78167744BD}.Debug|Any CPU.Build.0 = Debug|Any CPU
		{E8ED3FEC-1F28-4B5F-9872-7F78167744BD}.Debug|x64.ActiveCfg = Debug|Any CPU
		{E8ED3FEC-1F28-4B5F-9872-7F78167744BD}.Debug|x64.Build.0 = Debug|Any CPU
		{E8ED3FEC-1F28-4B5F-9872-7F78167744BD}.Debug|x86.ActiveCfg = Debug|Any CPU
		{E8ED3FEC-1F28-4B5F-9872-7F78167744BD}.Debug|x86.Build.0 = Debug|Any CPU
		{E8ED3FEC-1F28-4B5F-9872-7F78167744BD}.Release|Any CPU.ActiveCfg = Release|Any CPU
		{E8ED3FEC-1F28-4B5F-9872-7F78167744BD}.Release|Any CPU.Build.0 = Release|Any CPU
		{E8ED3FEC-1F28-4B5F-9872-7F78167744BD}.Release|x64.ActiveCfg = Release|Any CPU
		{E8ED3FEC-1F28-4B5F-9872-7F78167744BD}.Release|x64.Build.0 = Release|Any CPU
		{E8ED3FEC-1F28-4B5F-9872-7F78167744BD}.Release|x86.ActiveCfg = Release|Any CPU
		{E8ED3FEC-1F28-4B5F-9872-7F78167744BD}.Release|x86.Build.0 = Release|Any CPU
		{79BF20DC-6DA7-4031-9058-195FFE94220B}.Debug|Any CPU.ActiveCfg = Debug|Any CPU
		{79BF20DC-6DA7-4031-9058-195FFE94220B}.Debug|Any CPU.Build.0 = Debug|Any CPU
		{79BF20DC-6DA7-4031-9058-195FFE94220B}.Debug|x64.ActiveCfg = Debug|Any CPU
		{79BF20DC-6DA7-4031-9058-195FFE94220B}.Debug|x64.Build.0 = Debug|Any CPU
		{79BF20DC-6DA7-4031-9058-195FFE94220B}.Debug|x86.ActiveCfg = Debug|Any CPU
		{79BF20DC-6DA7-4031-9058-195FFE94220B}.Debug|x86.Build.0 = Debug|Any CPU
		{79BF20DC-6DA7-4031-9058-195FFE94220B}.Release|Any CPU.ActiveCfg = Release|Any CPU
		{79BF20DC-6DA7-4031-9058-195FFE94220B}.Release|Any CPU.Build.0 = Release|Any CPU
		{79BF20DC-6DA7-4031-9058-195FFE94220B}.Release|x64.ActiveCfg = Release|Any CPU
		{79BF20DC-6DA7-4031-9058-195FFE94220B}.Release|x64.Build.0 = Release|Any CPU
		{79BF20DC-6DA7-4031-9058-195FFE94220B}.Release|x86.ActiveCfg = Release|Any CPU
		{79BF20DC-6DA7-4031-9058-195FFE94220B}.Release|x86.Build.0 = Release|Any CPU
		{71949AB7-ABA2-46AE-BE59-A1D98BAA179D}.Debug|Any CPU.ActiveCfg = Debug|Any CPU
		{71949AB7-ABA2-46AE-BE59-A1D98BAA179D}.Debug|Any CPU.Build.0 = Debug|Any CPU
		{71949AB7-ABA2-46AE-BE59-A1D98BAA179D}.Debug|x64.ActiveCfg = Debug|Any CPU
		{71949AB7-ABA2-46AE-BE59-A1D98BAA179D}.Debug|x64.Build.0 = Debug|Any CPU
		{71949AB7-ABA2-46AE-BE59-A1D98BAA179D}.Debug|x86.ActiveCfg = Debug|Any CPU
		{71949AB7-ABA2-46AE-BE59-A1D98BAA179D}.Debug|x86.Build.0 = Debug|Any CPU
		{71949AB7-ABA2-46AE-BE59-A1D98BAA179D}.Release|Any CPU.ActiveCfg = Release|Any CPU
		{71949AB7-ABA2-46AE-BE59-A1D98BAA179D}.Release|Any CPU.Build.0 = Release|Any CPU
		{71949AB7-ABA2-46AE-BE59-A1D98BAA179D}.Release|x64.ActiveCfg = Release|Any CPU
		{71949AB7-ABA2-46AE-BE59-A1D98BAA179D}.Release|x64.Build.0 = Release|Any CPU
		{71949AB7-ABA2-46AE-BE59-A1D98BAA179D}.Release|x86.ActiveCfg = Release|Any CPU
		{71949AB7-ABA2-46AE-BE59-A1D98BAA179D}.Release|x86.Build.0 = Release|Any CPU
	EndGlobalSection
	GlobalSection(SolutionProperties) = preSolution
		HideSolutionNode = FALSE
	EndGlobalSection
	GlobalSection(ExtensibilityGlobals) = postSolution
		SolutionGuid = {549F6BA2-7BF0-4104-9088-47D242078F31}
	EndGlobalSection
	GlobalSection(NestedProjects) = preSolution
		{8B057CB1-49C9-41D1-9112-7B552F5000CC} = {00910FCB-AF7E-4F8E-B3C2-CCD2B6F920BC}
		{CB266C50-C3E3-44CF-A10F-A586C5F60627} = {00910FCB-AF7E-4F8E-B3C2-CCD2B6F920BC}
		{55EB4FC6-DFA8-49D5-BB9E-6A081284D71E} = {00910FCB-AF7E-4F8E-B3C2-CCD2B6F920BC}
		{6FB5039D-A384-4E13-BD76-86EE6A0BE80F} = {00910FCB-AF7E-4F8E-B3C2-CCD2B6F920BC}
		{6EC6A5C9-A3C0-452D-B717-2EFBCAEB2DED} = {00910FCB-AF7E-4F8E-B3C2-CCD2B6F920BC}
		{E8ED3FEC-1F28-4B5F-9872-7F78167744BD} = {00910FCB-AF7E-4F8E-B3C2-CCD2B6F920BC}
		{79BF20DC-6DA7-4031-9058-195FFE94220B} = {00910FCB-AF7E-4F8E-B3C2-CCD2B6F920BC}
		{71949AB7-ABA2-46AE-BE59-A1D98BAA179D} = {00910FCB-AF7E-4F8E-B3C2-CCD2B6F920BC}
	EndGlobalSection
EndGlobal
